
Microsoft Visual Studio Solution File, Format Version 12.00
# Visual Studio Version 17
VisualStudioVersion = 17.7.34221.43
MinimumVisualStudioVersion = 10.0.40219.1
Project("{9A19103F-16F7-4668-BE54-9A1E7A4F7556}") = "TravelDealsWebsite", "TravelDealsWebsite\TravelDealsWebsite.csproj", "{45E192C3-658A-4A8C-AFCC-062A4FB4039D}"
EndProject
Project("{9A19103F-16F7-4668-BE54-9A1E7A4F7556}") = "TravelDealsWebsite.Tests", "TravelDealsWebsite.Tests\TravelDealsWebsite.Tests.csproj", "{3D18C19E-3952-4C29-ABC1-C0B4D3E4E101}"
EndProject
Global
	GlobalSection(SolutionConfigurationPlatforms) = preSolution
		Debug|Any CPU = Debug|Any CPU
		Release|Any CPU = Release|Any CPU
	EndGlobalSection
	GlobalSection(ProjectConfigurationPlatforms) = postSolution
		{45E192C3-658A-4A8C-AFCC-062A4FB4039D}.Debug|Any CPU.ActiveCfg = Debug|Any CPU
		{45E192C3-658A-4A8C-AFCC-062A4FB4039D}.Debug|Any CPU.Build.0 = Debug|Any CPU
		{45E192C3-658A-4A8C-AFCC-062A4FB4039D}.Release|Any CPU.ActiveCfg = Release|Any CPU
		{45E192C3-658A-4A8C-AFCC-062A4FB4039D}.Release|Any CPU.Build.0 = Release|Any CPU
		{3D18C19E-3952-4C29-ABC1-C0B4D3E4E101}.Debug|Any CPU.ActiveCfg = Debug|Any CPU
		{3D18C19E-3952-4C29-ABC1-C0B4D3E4E101}.Debug|Any CPU.Build.0 = Debug|Any CPU
		{3D18C19E-3952-4C29-ABC1-C0B4D3E4E101}.Release|Any CPU.ActiveCfg = Release|Any CPU
		{3D18C19E-3952-4C29-ABC1-C0B4D3E4E101}.Release|Any CPU.Build.0 = Release|Any CPU
	EndGlobalSection
	GlobalSection(SolutionProperties) = preSolution
		HideSolutionNode = FALSE
	EndGlobalSection
	GlobalSection(ExtensibilityGlobals) = postSolution
		SolutionGuid = {007DE176-AF71-442E-A882-D475B04856C0}
	EndGlobalSection
EndGlobal
